
Microsoft Visual Studio Solution File, Format Version 12.00
# Visual Studio Version 17
VisualStudioVersion = 17.5.002.0
MinimumVisualStudioVersion = 10.0.40219.1
Project("{9A19103F-16F7-4668-BE54-9A1E7A4F7556}") = "rabbitmq-queue-utlisation-dashboard", "rabbitmq-queue-utlisation-dashboard.csproj", "{726D20AD-0989-474F-B04C-05DB4EAE890D}"
EndProject
Global
	GlobalSection(SolutionConfigurationPlatforms) = preSolution
		Debug|Any CPU = Debug|Any CPU
		Release|Any CPU = Release|Any CPU
	EndGlobalSection
	GlobalSection(ProjectConfigurationPlatforms) = postSolution
		{726D20AD-0989-474F-B04C-05DB4EAE890D}.Debug|Any CPU.ActiveCfg = Debug|Any CPU
		{726D20AD-0989-474F-B04C-05DB4EAE890D}.Debug|Any CPU.Build.0 = Debug|Any CPU
		{726D20AD-0989-474F-B04C-05DB4EAE890D}.Release|Any CPU.ActiveCfg = Release|Any CPU
		{726D20AD-0989-474F-B04C-05DB4EAE890D}.Release|Any CPU.Build.0 = Release|Any CPU
	EndGlobalSection
	GlobalSection(SolutionProperties) = preSolution
		HideSolutionNode = FALSE
	EndGlobalSection
	GlobalSection(ExtensibilityGlobals) = postSolution
		SolutionGuid = {FA79B273-3EFF-4A2F-8746-721F5D35D055}
	EndGlobalSection
EndGlobal
